
Microsoft Visual Studio Solution File, Format Version 12.00
# Visual Studio Version 17
VisualStudioVersion = 17.6.33829.357
MinimumVisualStudioVersion = 10.0.40219.1
Project("{8BC9CEB8-8B4A-11D0-8D11-00A0C91BC942}") = "数组a中n个整数按相反顺序存放", "数组a中n个整数按相反顺序存放\数组a中n个整数按相反顺序存放.vcxproj", "{C6893358-2312-47E8-A1E8-62E67DFCB739}"
EndProject
Global
	GlobalSection(SolutionConfigurationPlatforms) = preSolution
		Debug|x64 = Debug|x64
		Debug|x86 = Debug|x86
		Release|x64 = Release|x64
		Release|x86 = Release|x86
	EndGlobalSection
	GlobalSection(ProjectConfigurationPlatforms) = postSolution
		{C6893358-2312-47E8-A1E8-62E67DFCB739}.Debug|x64.ActiveCfg = Debug|x64
		{C6893358-2312-47E8-A1E8-62E67DFCB739}.Debug|x64.Build.0 = Debug|x64
		{C6893358-2312-47E8-A1E8-62E67DFCB739}.Debug|x86.ActiveCfg = Debug|Win32
		{C6893358-2312-47E8-A1E8-62E67DFCB739}.Debug|x86.Build.0 = Debug|Win32
		{C6893358-2312-47E8-A1E8-62E67DFCB739}.Release|x64.ActiveCfg = Release|x64
		{C6893358-2312-47E8-A1E8-62E67DFCB739}.Release|x64.Build.0 = Release|x64
		{C6893358-2312-47E8-A1E8-62E67DFCB739}.Release|x86.ActiveCfg = Release|Win32
		{C6893358-2312-47E8-A1E8-62E67DFCB739}.Release|x86.Build.0 = Release|Win32
	EndGlobalSection
	GlobalSection(SolutionProperties) = preSolution
		HideSolutionNode = FALSE
	EndGlobalSection
	GlobalSection(ExtensibilityGlobals) = postSolution
		SolutionGuid = {D8BDC870-F6F7-42BA-812F-002A61963C22}
	EndGlobalSection
EndGlobal
