
Microsoft Visual Studio Solution File, Format Version 11.00
# Visual C++ Express 2010
Project("{8BC9CEB8-8B4A-11D0-8D11-00A0C91BC942}") = "求3x3的整型矩阵对角线之和", "求3x3的整型矩阵对角线之和.vcxproj", "{189EAD73-8BA6-44D4-A4E4-F8E067A45619}"
EndProject
Global
	GlobalSection(SolutionConfigurationPlatforms) = preSolution
		Debug|Win32 = Debug|Win32
		Release|Win32 = Release|Win32
	EndGlobalSection
	GlobalSection(ProjectConfigurationPlatforms) = postSolution
		{189EAD73-8BA6-44D4-A4E4-F8E067A45619}.Debug|Win32.ActiveCfg = Debug|Win32
		{189EAD73-8BA6-44D4-A4E4-F8E067A45619}.Debug|Win32.Build.0 = Debug|Win32
		{189EAD73-8BA6-44D4-A4E4-F8E067A45619}.Release|Win32.ActiveCfg = Release|Win32
		{189EAD73-8BA6-44D4-A4E4-F8E067A45619}.Release|Win32.Build.0 = Release|Win32
	EndGlobalSection
	GlobalSection(SolutionProperties) = preSolution
		HideSolutionNode = FALSE
	EndGlobalSection
EndGlobal
